<?xml version="1.0" encoding="utf-8"?>
<Project ToolsVersion="4.0" xmlns="http://schemas.microsoft.com/developer/msbuild/2003">
  <ItemGroup>
    <Filter Include="Source Files">
      <UniqueIdentifier>{39a8e396-8937-41b3-b51c-d59c80ff3368}</UniqueIdentifier>
      <Extensions>cpp;c;cxx;rc;def;r;odl;idl;hpj;bat</Extensions>
    </Filter>
    <Filter Include="Header Files">
      <UniqueIdentifier>{42ed6ccb-778c-443b-8abf-5e92a663067f}</UniqueIdentifier>
      <Extensions>h;hpp;hxx;hm;inl</Extensions>
    </Filter>
    <Filter Include="Resource Files">
      <UniqueIdentifier>{f1970792-ebeb-4069-a69f-8461df10f615}</UniqueIdentifier>
      <Extensions>ico;cur;bmp;dlg;rc2;rct;bin;rgs;gif;jpg;jpeg;jpe</Extensions>
    </Filter>
  </ItemGroup>
  <ItemGroup>
    <ClCompile Include="CAdoDB.cpp">
      <Filter>Source Files</Filter>
    </ClCompile>
    <ClCompile Include="CMessg.cpp">
      <Filter>Source Files</Filter>
    </ClCompile>
    <ClCompile Include="DataSocket.cpp">
      <Filter>Source Files</Filter>
    </ClCompile>
    <ClCompile Include="LibServer.cpp">
      <Filter>Source Files</Filter>
    </ClCompile>
    <ClCompile Include="LibServerDlg.cpp">
      <Filter>Source Files</Filter>
    </ClCompile>
    <ClCompile Include="StdAfx.cpp">
      <Filter>Source Files</Filter>
    </ClCompile>
  </ItemGroup>
  <ItemGroup>
    <ResourceCompile Include="LibServer.rc">
      <Filter>Source Files</Filter>
    </ResourceCompile>
  </ItemGroup>
  <ItemGroup>
    <ClInclude Include="CAdoDB.h">
      <Filter>Header Files</Filter>
    </ClInclude>
    <ClInclude Include="CMessg.h">
      <Filter>Header Files</Filter>
    </ClInclude>
    <ClInclude Include="DataSocket.h">
      <Filter>Header Files</Filter>
    </ClInclude>
    <ClInclude Include="LibServer.h">
      <Filter>Header Files</Filter>
    </ClInclude>
    <ClInclude Include="LibServerDlg.h">
      <Filter>Header Files</Filter>
    </ClInclude>
    <ClInclude Include="Resource.h">
      <Filter>Header Files</Filter>
    </ClInclude>
    <ClInclude Include="StdAfx.h">
      <Filter>Header Files</Filter>
    </ClInclude>
  </ItemGroup>
  <ItemGroup>
    <CustomBuild Include="res\LibServer.ico">
      <Filter>Resource Files</Filter>
    </CustomBuild>
    <CustomBuild Include="res\LibServer.rc2">
      <Filter>Resource Files</Filter>
    </CustomBuild>
    <CustomBuild Include="res\svs.ico">
      <Filter>Resource Files</Filter>
    </CustomBuild>
    <CustomBuild Include="ReadMe.txt" />
    <CustomBuild Include="res\SkinH.dll" />
    <CustomBuild Include="skinh.she" />
  </ItemGroup>
</Project>