
Microsoft Visual Studio Solution File, Format Version 11.00
# Visual Studio 2010
Project("{8BC9CEB8-8B4A-11D0-8D11-00A0C91BC942}") = "LibServer", "LibServer.vcxproj", "{FC5E4FD5-F20B-BC7B-E828-7FBC9FC82AE1}"
EndProject
Global
	GlobalSection(SolutionConfigurationPlatforms) = preSolution
		Debug|Win32 = Debug|Win32
		Release|Win32 = Release|Win32
	EndGlobalSection
	GlobalSection(ProjectConfigurationPlatforms) = postSolution
		{FC5E4FD5-F20B-BC7B-E828-7FBC9FC82AE1}.Debug|Win32.ActiveCfg = Debug|Win32
		{FC5E4FD5-F20B-BC7B-E828-7FBC9FC82AE1}.Debug|Win32.Build.0 = Debug|Win32
		{FC5E4FD5-F20B-BC7B-E828-7FBC9FC82AE1}.Release|Win32.ActiveCfg = Release|Win32
		{FC5E4FD5-F20B-BC7B-E828-7FBC9FC82AE1}.Release|Win32.Build.0 = Release|Win32
	EndGlobalSection
	GlobalSection(SolutionProperties) = preSolution
		HideSolutionNode = FALSE
	EndGlobalSection
EndGlobal
