<?xml version="1.0" encoding="utf-8"?>
<Project ToolsVersion="4.0" xmlns="http://schemas.microsoft.com/developer/msbuild/2003">
  <ItemGroup>
    <Filter Include="源文件">
      <UniqueIdentifier>{4FC737F1-C7A5-4376-A066-2A32D752A2FF}</UniqueIdentifier>
      <Extensions>cpp;c;cc;cxx;def;odl;idl;hpj;bat;asm;asmx</Extensions>
    </Filter>
    <Filter Include="头文件">
      <UniqueIdentifier>{93995380-89BD-4b04-88EB-625FBE52EBFB}</UniqueIdentifier>
      <Extensions>h;hpp;hxx;hm;inl;inc;xsd</Extensions>
    </Filter>
    <Filter Include="资源文件">
      <UniqueIdentifier>{67DA6AB6-F800-4c08-8B7A-83BB121AAD01}</UniqueIdentifier>
      <Extensions>rc;ico;cur;bmp;dlg;rc2;rct;bin;rgs;gif;jpg;jpeg;jpe;resx;tiff;tif;png;wav;mfcribbon-ms</Extensions>
    </Filter>
  </ItemGroup>
  <ItemGroup>
    <None Include="ReadMe.txt" />
    <None Include="UserImages.bmp">
      <Filter>资源文件</Filter>
    </None>
    <None Include="res\CPDB.rc2">
      <Filter>资源文件</Filter>
    </None>
    <None Include="res\CPDBDoc.ico">
      <Filter>资源文件</Filter>
    </None>
    <None Include="res\CPDB.ico">
      <Filter>资源文件</Filter>
    </None>
    <None Include="res\Toolbar.bmp">
      <Filter>资源文件</Filter>
    </None>
    <None Include="res\Toolbar256.bmp">
      <Filter>资源文件</Filter>
    </None>
    <None Include="背景8.bmp">
      <Filter>资源文件</Filter>
    </None>
    <None Include="res\icon1.ico">
      <Filter>资源文件</Filter>
    </None>
    <None Include="res\登录.bmp">
      <Filter>资源文件</Filter>
    </None>
    <None Include="res\登录1.bmp">
      <Filter>资源文件</Filter>
    </None>
    <None Include="res\登录3.bmp">
      <Filter>资源文件</Filter>
    </None>
    <None Include="res\登录4.bmp">
      <Filter>资源文件</Filter>
    </None>
    <None Include="res\登录5.bmp">
      <Filter>资源文件</Filter>
    </None>
    <None Include="res\登录6.bmp">
      <Filter>资源文件</Filter>
    </None>
    <None Include="res\退出.bmp">
      <Filter>资源文件</Filter>
    </None>
    <None Include="res\退出1.bmp">
      <Filter>资源文件</Filter>
    </None>
    <None Include="res\退出2.bmp">
      <Filter>资源文件</Filter>
    </None>
    <None Include="res\icon2.ico">
      <Filter>资源文件</Filter>
    </None>
    <None Include="res\icon3.ico">
      <Filter>资源文件</Filter>
    </None>
    <None Include="res\icon4.ico">
      <Filter>资源文件</Filter>
    </None>
    <None Include="res\icon5.ico">
      <Filter>资源文件</Filter>
    </None>
    <None Include="res\icon6.ico">
      <Filter>资源文件</Filter>
    </None>
  </ItemGroup>
  <ItemGroup>
    <ClInclude Include="CPDB.h">
      <Filter>头文件</Filter>
    </ClInclude>
    <ClInclude Include="stdafx.h">
      <Filter>头文件</Filter>
    </ClInclude>
    <ClInclude Include="MainFrm.h">
      <Filter>头文件</Filter>
    </ClInclude>
    <ClInclude Include="CPDBDoc.h">
      <Filter>头文件</Filter>
    </ClInclude>
    <ClInclude Include="CPDBView.h">
      <Filter>头文件</Filter>
    </ClInclude>
    <ClInclude Include="Resource.h">
      <Filter>头文件</Filter>
    </ClInclude>
    <ClInclude Include="CMessg.h">
      <Filter>头文件</Filter>
    </ClInclude>
    <ClInclude Include="DataSocket.h">
      <Filter>头文件</Filter>
    </ClInclude>
    <ClInclude Include="DLDLG.h">
      <Filter>头文件</Filter>
    </ClInclude>
    <ClInclude Include="IniFile.h">
      <Filter>头文件</Filter>
    </ClInclude>
    <ClInclude Include="2DArray.h">
      <Filter>头文件</Filter>
    </ClInclude>
    <ClInclude Include="SplitterWndEx.h">
      <Filter>头文件</Filter>
    </ClInclude>
    <ClInclude Include="xSkinButton.h">
      <Filter>头文件</Filter>
    </ClInclude>
    <ClInclude Include="NewCellTypes\GridCellCheck.h">
      <Filter>头文件</Filter>
    </ClInclude>
    <ClInclude Include="NewCellTypes\GridCellCombo.h">
      <Filter>头文件</Filter>
    </ClInclude>
    <ClInclude Include="NewCellTypes\GridCellDateTime.h">
      <Filter>头文件</Filter>
    </ClInclude>
    <ClInclude Include="NewCellTypes\GridCellNumeric.h">
      <Filter>头文件</Filter>
    </ClInclude>
    <ClInclude Include="NewCellTypes\GridURLCell.h">
      <Filter>头文件</Filter>
    </ClInclude>
    <ClInclude Include="GridCtrl_src\GridCell.h">
      <Filter>头文件</Filter>
    </ClInclude>
    <ClInclude Include="GridCtrl_src\GridCellBase.h">
      <Filter>头文件</Filter>
    </ClInclude>
    <ClInclude Include="GridCtrl_src\GridCtrl.h">
      <Filter>头文件</Filter>
    </ClInclude>
    <ClInclude Include="GridCtrl_src\GridDropTarget.h">
      <Filter>头文件</Filter>
    </ClInclude>
    <ClInclude Include="GridCtrl_src\InPlaceEdit.h">
      <Filter>头文件</Filter>
    </ClInclude>
    <ClInclude Include="GridCtrl_src\MemDC.h">
      <Filter>头文件</Filter>
    </ClInclude>
    <ClInclude Include="GridCtrl_src\TitleTip.h">
      <Filter>头文件</Filter>
    </ClInclude>
    <ClInclude Include="FGDLG.h">
      <Filter>头文件</Filter>
    </ClInclude>
    <ClInclude Include="GLYDLG.h">
      <Filter>头文件</Filter>
    </ClInclude>
    <ClInclude Include="DDDLG.h">
      <Filter>头文件</Filter>
    </ClInclude>
    <ClInclude Include="GRDLG.h">
      <Filter>头文件</Filter>
    </ClInclude>
    <ClInclude Include="targetver.h">
      <Filter>源文件</Filter>
    </ClInclude>
    <ClInclude Include="TRDLG.h">
      <Filter>头文件</Filter>
    </ClInclude>
    <ClInclude Include="DDGLDLG.h">
      <Filter>头文件</Filter>
    </ClInclude>
    <ClInclude Include="YHGLDLG.h">
      <Filter>头文件</Filter>
    </ClInclude>
    <ClInclude Include="DADLG.h">
      <Filter>头文件</Filter>
    </ClInclude>
    <ClInclude Include="YHDLG.h">
      <Filter>头文件</Filter>
    </ClInclude>
    <ClInclude Include="GQDLG.h">
      <Filter>头文件</Filter>
    </ClInclude>
    <ClInclude Include="ComboBoxIS.h">
      <Filter>头文件</Filter>
    </ClInclude>
    <ClInclude Include="DinDLG.h">
      <Filter>头文件</Filter>
    </ClInclude>
  </ItemGroup>
  <ItemGroup>
    <ClCompile Include="CPDB.cpp">
      <Filter>源文件</Filter>
    </ClCompile>
    <ClCompile Include="stdafx.cpp">
      <Filter>源文件</Filter>
    </ClCompile>
    <ClCompile Include="MainFrm.cpp">
      <Filter>源文件</Filter>
    </ClCompile>
    <ClCompile Include="CPDBDoc.cpp">
      <Filter>源文件</Filter>
    </ClCompile>
    <ClCompile Include="CPDBView.cpp">
      <Filter>源文件</Filter>
    </ClCompile>
    <ClCompile Include="CMessg.cpp">
      <Filter>源文件</Filter>
    </ClCompile>
    <ClCompile Include="DataSocket.cpp">
      <Filter>源文件</Filter>
    </ClCompile>
    <ClCompile Include="DLDLG.cpp">
      <Filter>源文件</Filter>
    </ClCompile>
    <ClCompile Include="IniFile.cpp">
      <Filter>源文件</Filter>
    </ClCompile>
    <ClCompile Include="2DArray.cpp">
      <Filter>源文件</Filter>
    </ClCompile>
    <ClCompile Include="SplitterWndEx.cpp">
      <Filter>源文件</Filter>
    </ClCompile>
    <ClCompile Include="xSkinButton.cpp">
      <Filter>源文件</Filter>
    </ClCompile>
    <ClCompile Include="NewCellTypes\GridCellCheck.cpp">
      <Filter>源文件</Filter>
    </ClCompile>
    <ClCompile Include="NewCellTypes\GridCellCombo.cpp">
      <Filter>源文件</Filter>
    </ClCompile>
    <ClCompile Include="NewCellTypes\GridCellDateTime.cpp">
      <Filter>源文件</Filter>
    </ClCompile>
    <ClCompile Include="NewCellTypes\GridCellNumeric.cpp">
      <Filter>源文件</Filter>
    </ClCompile>
    <ClCompile Include="NewCellTypes\GridURLCell.cpp">
      <Filter>源文件</Filter>
    </ClCompile>
    <ClCompile Include="GridCtrl_src\GridCell.cpp">
      <Filter>源文件</Filter>
    </ClCompile>
    <ClCompile Include="GridCtrl_src\GridCellBase.cpp">
      <Filter>源文件</Filter>
    </ClCompile>
    <ClCompile Include="GridCtrl_src\GridCtrl.cpp">
      <Filter>源文件</Filter>
    </ClCompile>
    <ClCompile Include="GridCtrl_src\GridDropTarget.cpp">
      <Filter>源文件</Filter>
    </ClCompile>
    <ClCompile Include="GridCtrl_src\InPlaceEdit.cpp">
      <Filter>源文件</Filter>
    </ClCompile>
    <ClCompile Include="GridCtrl_src\TitleTip.cpp">
      <Filter>源文件</Filter>
    </ClCompile>
    <ClCompile Include="FGDLG.cpp">
      <Filter>源文件</Filter>
    </ClCompile>
    <ClCompile Include="GLYDLG.cpp">
      <Filter>源文件</Filter>
    </ClCompile>
    <ClCompile Include="DDDLG.cpp">
      <Filter>源文件</Filter>
    </ClCompile>
    <ClCompile Include="GRDLG.cpp">
      <Filter>源文件</Filter>
    </ClCompile>
    <ClCompile Include="TRDLG.cpp">
      <Filter>源文件</Filter>
    </ClCompile>
    <ClCompile Include="DDGLDLG.cpp">
      <Filter>源文件</Filter>
    </ClCompile>
    <ClCompile Include="YHGLDLG.cpp">
      <Filter>源文件</Filter>
    </ClCompile>
    <ClCompile Include="DADLG.cpp">
      <Filter>源文件</Filter>
    </ClCompile>
    <ClCompile Include="YHDLG.cpp">
      <Filter>源文件</Filter>
    </ClCompile>
    <ClCompile Include="GQDLG.cpp">
      <Filter>源文件</Filter>
    </ClCompile>
    <ClCompile Include="ComboBoxIS.cpp">
      <Filter>源文件</Filter>
    </ClCompile>
    <ClCompile Include="DinDLG.cpp">
      <Filter>源文件</Filter>
    </ClCompile>
  </ItemGroup>
  <ItemGroup>
    <ResourceCompile Include="CPDB.rc">
      <Filter>资源文件</Filter>
    </ResourceCompile>
  </ItemGroup>
</Project>